
Microsoft Visual Studio Solution File, Format Version 12.00
# Visual Studio 15
Project("{FAE04EC0-301F-11D3-BF4B-00C04F79EFBC}") = "Assembly-CSharp", "Assembly-CSharp.csproj", "{22D26C12-FCDC-A8D1-7076-5F2FBD1177C2}"
EndProject
Project("{FAE04EC0-301F-11D3-BF4B-00C04F79EFBC}") = "Assembly-CSharp-Editor", "Assembly-CSharp-Editor.csproj", "{5009DD68-3E40-91EC-6D60-51B498CD0796}"
EndProject
Global
	GlobalSection(SolutionConfigurationPlatforms) = preSolution
		Debug|Any CPU = Debug|Any CPU
		Release|Any CPU = Release|Any CPU
	EndGlobalSection
	GlobalSection(ProjectConfigurationPlatforms) = postSolution
		{22D26C12-FCDC-A8D1-7076-5F2FBD1177C2}.Debug|Any CPU.ActiveCfg = Debug|Any CPU
		{22D26C12-FCDC-A8D1-7076-5F2FBD1177C2}.Debug|Any CPU.Build.0 = Debug|Any CPU
		{22D26C12-FCDC-A8D1-7076-5F2FBD1177C2}.Release|Any CPU.ActiveCfg = Release|Any CPU
		{22D26C12-FCDC-A8D1-7076-5F2FBD1177C2}.Release|Any CPU.Build.0 = Release|Any CPU
		{5009DD68-3E40-91EC-6D60-51B498CD0796}.Debug|Any CPU.ActiveCfg = Debug|Any CPU
		{5009DD68-3E40-91EC-6D60-51B498CD0796}.Debug|Any CPU.Build.0 = Debug|Any CPU
		{5009DD68-3E40-91EC-6D60-51B498CD0796}.Release|Any CPU.ActiveCfg = Release|Any CPU
		{5009DD68-3E40-91EC-6D60-51B498CD0796}.Release|Any CPU.Build.0 = Release|Any CPU
	EndGlobalSection
	GlobalSection(SolutionProperties) = preSolution
		HideSolutionNode = FALSE
	EndGlobalSection
EndGlobal
